// !$*UTF8*$!
{
	archiveVersion = 1;
	classes = {
	};
	objectVersion = 48;
	objects = {

/* Begin PBXBuildFile section */
		03CE50A5F6B7AAEAC8EFC8ED /* Pods_LendrUITests.framework in Frameworks */ = {isa = PBXBuildFile; fileRef = D6A2E98A0AD083F7DD59AC2E /* Pods_LendrUITests.framework */; };
		5306E1831F908359007B27FD /* LoansTableVC.swift in Sources */ = {isa = PBXBuildFile; fileRef = 5306E1821F908359007B27FD /* LoansTableVC.swift */; };
		5307935B1F8EE9B00056CFBA /* LoanCell.swift in Sources */ = {isa = PBXBuildFile; fileRef = 5307935A1F8EE9B00056CFBA /* LoanCell.swift */; };
		533175981F92BE6C003A937C /* UserContacts.swift in Sources */ = {isa = PBXBuildFile; fileRef = 533175971F92BE6C003A937C /* UserContacts.swift */; };
		53344E251F919BB40084C5E4 /* AddLoanFormVC.swift in Sources */ = {isa = PBXBuildFile; fileRef = 53344E241F919BB40084C5E4 /* AddLoanFormVC.swift */; };
		53487F9A1F94437A00071B4E /* Notifications.swift in Sources */ = {isa = PBXBuildFile; fileRef = 53487F991F94437A00071B4E /* Notifications.swift */; };
		53487FA11F946FD500071B4E /* NotificationCenter.framework in Frameworks */ = {isa = PBXBuildFile; fileRef = 53487FA01F946FD500071B4E /* NotificationCenter.framework */; };
		53487FA41F946FD500071B4E /* TodayViewController.swift in Sources */ = {isa = PBXBuildFile; fileRef = 53487FA31F946FD500071B4E /* TodayViewController.swift */; };
		53487FA71F946FD500071B4E /* MainInterface.storyboard in Resources */ = {isa = PBXBuildFile; fileRef = 53487FA51F946FD500071B4E /* MainInterface.storyboard */; };
		53487FAB1F946FD500071B4E /* Widget.appex in Embed App Extensions */ = {isa = PBXBuildFile; fileRef = 53487F9F1F946FD500071B4E /* Widget.appex */; settings = {ATTRIBUTES = (RemoveHeadersOnCopy, ); }; };
		534E89B61F8EF77900285A1C /* Loan.swift in Sources */ = {isa = PBXBuildFile; fileRef = 534E89B51F8EF77900285A1C /* Loan.swift */; };
		539160181F92BD3D00B51EBC /* ModifyLoanFormVC.swift in Sources */ = {isa = PBXBuildFile; fileRef = 539160171F92BD3D00B51EBC /* ModifyLoanFormVC.swift */; };
		53DE939D1F8EE4C000BD9C2E /* AppDelegate.swift in Sources */ = {isa = PBXBuildFile; fileRef = 53DE939C1F8EE4C000BD9C2E /* AppDelegate.swift */; };
		53DE93A41F8EE4C100BD9C2E /* Main.storyboard in Resources */ = {isa = PBXBuildFile; fileRef = 53DE93A21F8EE4C100BD9C2E /* Main.storyboard */; };
		53DE93A61F8EE4C100BD9C2E /* Assets.xcassets in Resources */ = {isa = PBXBuildFile; fileRef = 53DE93A51F8EE4C100BD9C2E /* Assets.xcassets */; };
		53DE93A91F8EE4C100BD9C2E /* LaunchScreen.storyboard in Resources */ = {isa = PBXBuildFile; fileRef = 53DE93A71F8EE4C100BD9C2E /* LaunchScreen.storyboard */; };
		53DE93B41F8EE4C100BD9C2E /* LendrTests.swift in Sources */ = {isa = PBXBuildFile; fileRef = 53DE93B31F8EE4C100BD9C2E /* LendrTests.swift */; };
		53DE93BF1F8EE4C100BD9C2E /* LendrUITests.swift in Sources */ = {isa = PBXBuildFile; fileRef = 53DE93BE1F8EE4C100BD9C2E /* LendrUITests.swift */; };
		981EF2DFD62DC39664C119EC /* Pods_LendrTests.framework in Frameworks */ = {isa = PBXBuildFile; fileRef = 5A1282DD194A38B4F8A3D414 /* Pods_LendrTests.framework */; };
		F0F0224773546FEA760CEF07 /* Pods_Lendr.framework in Frameworks */ = {isa = PBXBuildFile; fileRef = 8580BBD8F874A7CED58210A4 /* Pods_Lendr.framework */; };
/* End PBXBuildFile section */

/* Begin PBXContainerItemProxy section */
		53487FA91F946FD500071B4E /* PBXContainerItemProxy */ = {
			isa = PBXContainerItemProxy;
			containerPortal = 53DE93911F8EE4C000BD9C2E /* Project object */;
			proxyType = 1;
			remoteGlobalIDString = 53487F9E1F946FD500071B4E;
			remoteInfo = Widget;
		};
		53DE93B01F8EE4C100BD9C2E /* PBXContainerItemProxy */ = {
			isa = PBXContainerItemProxy;
			containerPortal = 53DE93911F8EE4C000BD9C2E /* Project object */;
			proxyType = 1;
			remoteGlobalIDString = 53DE93981F8EE4C000BD9C2E;
			remoteInfo = Lendr;
		};
		53DE93BB1F8EE4C100BD9C2E /* PBXContainerItemProxy */ = {
			isa = PBXContainerItemProxy;
			containerPortal = 53DE93911F8EE4C000BD9C2E /* Project object */;
			proxyType = 1;
			remoteGlobalIDString = 53DE93981F8EE4C000BD9C2E;
			remoteInfo = Lendr;
		};
/* End PBXContainerItemProxy section */

/* Begin PBXCopyFilesBuildPhase section */
		53487FAF1F946FD500071B4E /* Embed App Extensions */ = {
			isa = PBXCopyFilesBuildPhase;
			buildActionMask = 2147483647;
			dstPath = "";
			dstSubfolderSpec = 13;
			files = (
				53487FAB1F946FD500071B4E /* Widget.appex in Embed App Extensions */,
			);
			name = "Embed App Extensions";
			runOnlyForDeploymentPostprocessing = 0;
		};
/* End PBXCopyFilesBuildPhase section */

/* Begin PBXFileReference section */
		073018F9910955BCB567875A /* Pods-LendrUITests.release.xcconfig */ = {isa = PBXFileReference; includeInIndex = 1; lastKnownFileType = text.xcconfig; name = "Pods-LendrUITests.release.xcconfig"; path = "Pods/Target Support Files/Pods-LendrUITests/Pods-LendrUITests.release.xcconfig"; sourceTree = "<group>"; };
		5306E1821F908359007B27FD /* LoansTableVC.swift */ = {isa = PBXFileReference; lastKnownFileType = sourcecode.swift; path = LoansTableVC.swift; sourceTree = "<group>"; };
		5307935A1F8EE9B00056CFBA /* LoanCell.swift */ = {isa = PBXFileReference; lastKnownFileType = sourcecode.swift; path = LoanCell.swift; sourceTree = "<group>"; };
		533175971F92BE6C003A937C /* UserContacts.swift */ = {isa = PBXFileReference; lastKnownFileType = sourcecode.swift; path = UserContacts.swift; sourceTree = "<group>"; };
		53344E241F919BB40084C5E4 /* AddLoanFormVC.swift */ = {isa = PBXFileReference; lastKnownFileType = sourcecode.swift; path = AddLoanFormVC.swift; sourceTree = "<group>"; };
		53487F991F94437A00071B4E /* Notifications.swift */ = {isa = PBXFileReference; lastKnownFileType = sourcecode.swift; path = Notifications.swift; sourceTree = "<group>"; };
		53487F9F1F946FD500071B4E /* Widget.appex */ = {isa = PBXFileReference; explicitFileType = "wrapper.app-extension"; includeInIndex = 0; path = Widget.appex; sourceTree = BUILT_PRODUCTS_DIR; };
		53487FA01F946FD500071B4E /* NotificationCenter.framework */ = {isa = PBXFileReference; lastKnownFileType = wrapper.framework; name = NotificationCenter.framework; path = System/Library/Frameworks/NotificationCenter.framework; sourceTree = SDKROOT; };
		53487FA31F946FD500071B4E /* TodayViewController.swift */ = {isa = PBXFileReference; lastKnownFileType = sourcecode.swift; path = TodayViewController.swift; sourceTree = "<group>"; };
		53487FA61F946FD500071B4E /* Base */ = {isa = PBXFileReference; lastKnownFileType = file.storyboard; name = Base; path = Base.lproj/MainInterface.storyboard; sourceTree = "<group>"; };
		53487FA81F946FD500071B4E /* Info.plist */ = {isa = PBXFileReference; lastKnownFileType = text.plist.xml; path = Info.plist; sourceTree = "<group>"; };
		534E89B51F8EF77900285A1C /* Loan.swift */ = {isa = PBXFileReference; lastKnownFileType = sourcecode.swift; path = Loan.swift; sourceTree = "<group>"; };
		539160171F92BD3D00B51EBC /* ModifyLoanFormVC.swift */ = {isa = PBXFileReference; lastKnownFileType = sourcecode.swift; path = ModifyLoanFormVC.swift; sourceTree = "<group>"; };
		53DE93991F8EE4C000BD9C2E /* Lendr.app */ = {isa = PBXFileReference; explicitFileType = wrapper.application; includeInIndex = 0; path = Lendr.app; sourceTree = BUILT_PRODUCTS_DIR; };
		53DE939C1F8EE4C000BD9C2E /* AppDelegate.swift */ = {isa = PBXFileReference; lastKnownFileType = sourcecode.swift; path = AppDelegate.swift; sourceTree = "<group>"; };
		53DE93A31F8EE4C100BD9C2E /* Base */ = {isa = PBXFileReference; lastKnownFileType = file.storyboard; name = Base; path = Base.lproj/Main.storyboard; sourceTree = "<group>"; };
		53DE93A51F8EE4C100BD9C2E /* Assets.xcassets */ = {isa = PBXFileReference; lastKnownFileType = folder.assetcatalog; path = Assets.xcassets; sourceTree = "<group>"; };
		53DE93A81F8EE4C100BD9C2E /* Base */ = {isa = PBXFileReference; lastKnownFileType = file.storyboard; name = Base; path = Base.lproj/LaunchScreen.storyboard; sourceTree = "<group>"; };
		53DE93AA1F8EE4C100BD9C2E /* Info.plist */ = {isa = PBXFileReference; lastKnownFileType = text.plist.xml; path = Info.plist; sourceTree = "<group>"; };
		53DE93AF1F8EE4C100BD9C2E /* LendrTests.xctest */ = {isa = PBXFileReference; explicitFileType = wrapper.cfbundle; includeInIndex = 0; path = LendrTests.xctest; sourceTree = BUILT_PRODUCTS_DIR; };
		53DE93B31F8EE4C100BD9C2E /* LendrTests.swift */ = {isa = PBXFileReference; lastKnownFileType = sourcecode.swift; path = LendrTests.swift; sourceTree = "<group>"; };
		53DE93B51F8EE4C100BD9C2E /* Info.plist */ = {isa = PBXFileReference; lastKnownFileType = text.plist.xml; path = Info.plist; sourceTree = "<group>"; };
		53DE93BA1F8EE4C100BD9C2E /* LendrUITests.xctest */ = {isa = PBXFileReference; explicitFileType = wrapper.cfbundle; includeInIndex = 0; path = LendrUITests.xctest; sourceTree = BUILT_PRODUCTS_DIR; };
		53DE93BE1F8EE4C100BD9C2E /* LendrUITests.swift */ = {isa = PBXFileReference; lastKnownFileType = sourcecode.swift; path = LendrUITests.swift; sourceTree = "<group>"; };
		53DE93C01F8EE4C100BD9C2E /* Info.plist */ = {isa = PBXFileReference; lastKnownFileType = text.plist.xml; path = Info.plist; sourceTree = "<group>"; };
		5A1282DD194A38B4F8A3D414 /* Pods_LendrTests.framework */ = {isa = PBXFileReference; explicitFileType = wrapper.framework; includeInIndex = 0; path = Pods_LendrTests.framework; sourceTree = BUILT_PRODUCTS_DIR; };
		7217AB52E5A55EE31D913BA8 /* Pods-LendrUITests.debug.xcconfig */ = {isa = PBXFileReference; includeInIndex = 1; lastKnownFileType = text.xcconfig; name = "Pods-LendrUITests.debug.xcconfig"; path = "Pods/Target Support Files/Pods-LendrUITests/Pods-LendrUITests.debug.xcconfig"; sourceTree = "<group>"; };
		79F16D02D09E95C07F3FD4AB /* Pods-LendrTests.release.xcconfig */ = {isa = PBXFileReference; includeInIndex = 1; lastKnownFileType = text.xcconfig; name = "Pods-LendrTests.release.xcconfig"; path = "Pods/Target Support Files/Pods-LendrTests/Pods-LendrTests.release.xcconfig"; sourceTree = "<group>"; };
		8580BBD8F874A7CED58210A4 /* Pods_Lendr.framework */ = {isa = PBXFileReference; explicitFileType = wrapper.framework; includeInIndex = 0; path = Pods_Lendr.framework; sourceTree = BUILT_PRODUCTS_DIR; };
		892117F905E4F7E30C3B0638 /* Pods-Lendr.debug.xcconfig */ = {isa = PBXFileReference; includeInIndex = 1; lastKnownFileType = text.xcconfig; name = "Pods-Lendr.debug.xcconfig"; path = "Pods/Target Support Files/Pods-Lendr/Pods-Lendr.debug.xcconfig"; sourceTree = "<group>"; };
		A55B4861F552F1B50FE75259 /* Pods-LendrTests.debug.xcconfig */ = {isa = PBXFileReference; includeInIndex = 1; lastKnownFileType = text.xcconfig; name = "Pods-LendrTests.debug.xcconfig"; path = "Pods/Target Support Files/Pods-LendrTests/Pods-LendrTests.debug.xcconfig"; sourceTree = "<group>"; };
		D6A2E98A0AD083F7DD59AC2E /* Pods_LendrUITests.framework */ = {isa = PBXFileReference; explicitFileType = wrapper.framework; includeInIndex = 0; path = Pods_LendrUITests.framework; sourceTree = BUILT_PRODUCTS_DIR; };
		DC798517D7F197226E3CF5F9 /* Pods-Lendr.release.xcconfig */ = {isa = PBXFileReference; includeInIndex = 1; lastKnownFileType = text.xcconfig; name = "Pods-Lendr.release.xcconfig"; path = "Pods/Target Support Files/Pods-Lendr/Pods-Lendr.release.xcconfig"; sourceTree = "<group>"; };
/* End PBXFileReference section */

/* Begin PBXFrameworksBuildPhase section */
		53487F9C1F946FD500071B4E /* Frameworks */ = {
			isa = PBXFrameworksBuildPhase;
			buildActionMask = 2147483647;
			files = (
				53487FA11F946FD500071B4E /* NotificationCenter.framework in Frameworks */,
			);
			runOnlyForDeploymentPostprocessing = 0;
		};
		53DE93961F8EE4C000BD9C2E /* Frameworks */ = {
			isa = PBXFrameworksBuildPhase;
			buildActionMask = 2147483647;
			files = (
				F0F0224773546FEA760CEF07 /* Pods_Lendr.framework in Frameworks */,
			);
			runOnlyForDeploymentPostprocessing = 0;
		};
		53DE93AC1F8EE4C100BD9C2E /* Frameworks */ = {
			isa = PBXFrameworksBuildPhase;
			buildActionMask = 2147483647;
			files = (
				981EF2DFD62DC39664C119EC /* Pods_LendrTests.framework in Frameworks */,
			);
			runOnlyForDeploymentPostprocessing = 0;
		};
		53DE93B71F8EE4C100BD9C2E /* Frameworks */ = {
			isa = PBXFrameworksBuildPhase;
			buildActionMask = 2147483647;
			files = (
				03CE50A5F6B7AAEAC8EFC8ED /* Pods_LendrUITests.framework in Frameworks */,
			);
			runOnlyForDeploymentPostprocessing = 0;
		};
/* End PBXFrameworksBuildPhase section */

/* Begin PBXGroup section */
		53487FA21F946FD500071B4E /* Widget */ = {
			isa = PBXGroup;
			children = (
				53487FA31F946FD500071B4E /* TodayViewController.swift */,
				53487FA51F946FD500071B4E /* MainInterface.storyboard */,
				53487FA81F946FD500071B4E /* Info.plist */,
			);
			path = Widget;
			sourceTree = "<group>";
		};
		53DE93901F8EE4C000BD9C2E = {
			isa = PBXGroup;
			children = (
				53DE939B1F8EE4C000BD9C2E /* Lendr */,
				53DE93B21F8EE4C100BD9C2E /* LendrTests */,
				53DE93BD1F8EE4C100BD9C2E /* LendrUITests */,
				53487FA21F946FD500071B4E /* Widget */,
				53DE939A1F8EE4C000BD9C2E /* Products */,
				B70E82B5A04C103B73025813 /* Pods */,
				D998026B1F9CB08394A32922 /* Frameworks */,
			);
			sourceTree = "<group>";
		};
		53DE939A1F8EE4C000BD9C2E /* Products */ = {
			isa = PBXGroup;
			children = (
				53DE93991F8EE4C000BD9C2E /* Lendr.app */,
				53DE93AF1F8EE4C100BD9C2E /* LendrTests.xctest */,
				53DE93BA1F8EE4C100BD9C2E /* LendrUITests.xctest */,
				53487F9F1F946FD500071B4E /* Widget.appex */,
			);
			name = Products;
			sourceTree = "<group>";
		};
		53DE939B1F8EE4C000BD9C2E /* Lendr */ = {
			isa = PBXGroup;
			children = (
				53DE93CF1F8EE6A600BD9C2E /* App */,
				53DE93CE1F8EE69800BD9C2E /* View */,
				53DE93CD1F8EE69200BD9C2E /* Models */,
				53DE93CC1F8EE68000BD9C2E /* View Controllers */,
				53DE93A51F8EE4C100BD9C2E /* Assets.xcassets */,
				53DE93AA1F8EE4C100BD9C2E /* Info.plist */,
			);
			path = Lendr;
			sourceTree = "<group>";
		};
		53DE93B21F8EE4C100BD9C2E /* LendrTests */ = {
			isa = PBXGroup;
			children = (
				53DE93B31F8EE4C100BD9C2E /* LendrTests.swift */,
				53DE93B51F8EE4C100BD9C2E /* Info.plist */,
			);
			path = LendrTests;
			sourceTree = "<group>";
		};
		53DE93BD1F8EE4C100BD9C2E /* LendrUITests */ = {
			isa = PBXGroup;
			children = (
				53DE93BE1F8EE4C100BD9C2E /* LendrUITests.swift */,
				53DE93C01F8EE4C100BD9C2E /* Info.plist */,
			);
			path = LendrUITests;
			sourceTree = "<group>";
		};
		53DE93CC1F8EE68000BD9C2E /* View Controllers */ = {
			isa = PBXGroup;
			children = (
				5306E1821F908359007B27FD /* LoansTableVC.swift */,
				53344E241F919BB40084C5E4 /* AddLoanFormVC.swift */,
				539160171F92BD3D00B51EBC /* ModifyLoanFormVC.swift */,
			);
			path = "View Controllers";
			sourceTree = "<group>";
		};
		53DE93CD1F8EE69200BD9C2E /* Models */ = {
			isa = PBXGroup;
			children = (
				534E89B51F8EF77900285A1C /* Loan.swift */,
				533175971F92BE6C003A937C /* UserContacts.swift */,
				53487F991F94437A00071B4E /* Notifications.swift */,
			);
			path = Models;
			sourceTree = "<group>";
		};
		53DE93CE1F8EE69800BD9C2E /* View */ = {
			isa = PBXGroup;
			children = (
				53DE93A71F8EE4C100BD9C2E /* LaunchScreen.storyboard */,
				53DE93A21F8EE4C100BD9C2E /* Main.storyboard */,
				5307935A1F8EE9B00056CFBA /* LoanCell.swift */,
			);
			path = View;
			sourceTree = "<group>";
		};
		53DE93CF1F8EE6A600BD9C2E /* App */ = {
			isa = PBXGroup;
			children = (
				53DE939C1F8EE4C000BD9C2E /* AppDelegate.swift */,
			);
			path = App;
			sourceTree = "<group>";
		};
		B70E82B5A04C103B73025813 /* Pods */ = {
			isa = PBXGroup;
			children = (
				892117F905E4F7E30C3B0638 /* Pods-Lendr.debug.xcconfig */,
				DC798517D7F197226E3CF5F9 /* Pods-Lendr.release.xcconfig */,
				A55B4861F552F1B50FE75259 /* Pods-LendrTests.debug.xcconfig */,
				79F16D02D09E95C07F3FD4AB /* Pods-LendrTests.release.xcconfig */,
				7217AB52E5A55EE31D913BA8 /* Pods-LendrUITests.debug.xcconfig */,
				073018F9910955BCB567875A /* Pods-LendrUITests.release.xcconfig */,
			);
			name = Pods;
			sourceTree = "<group>";
		};
		D998026B1F9CB08394A32922 /* Frameworks */ = {
			isa = PBXGroup;
			children = (
				8580BBD8F874A7CED58210A4 /* Pods_Lendr.framework */,
				5A1282DD194A38B4F8A3D414 /* Pods_LendrTests.framework */,
				D6A2E98A0AD083F7DD59AC2E /* Pods_LendrUITests.framework */,
				53487FA01F946FD500071B4E /* NotificationCenter.framework */,
			);
			name = Frameworks;
			sourceTree = "<group>";
		};
/* End PBXGroup section */

/* Begin PBXNativeTarget section */
		53487F9E1F946FD500071B4E /* Widget */ = {
			isa = PBXNativeTarget;
			buildConfigurationList = 53487FAC1F946FD500071B4E /* Build configuration list for PBXNativeTarget "Widget" */;
			buildPhases = (
				53487F9B1F946FD500071B4E /* Sources */,
				53487F9C1F946FD500071B4E /* Frameworks */,
				53487F9D1F946FD500071B4E /* Resources */,
			);
			buildRules = (
			);
			dependencies = (
			);
			name = Widget;
			productName = Widget;
			productReference = 53487F9F1F946FD500071B4E /* Widget.appex */;
			productType = "com.apple.product-type.app-extension";
		};
		53DE93981F8EE4C000BD9C2E /* Lendr */ = {
			isa = PBXNativeTarget;
			buildConfigurationList = 53DE93C31F8EE4C100BD9C2E /* Build configuration list for PBXNativeTarget "Lendr" */;
			buildPhases = (
				4B8D41701CA04F31BAB428F6 /* [CP] Check Pods Manifest.lock */,
				53DE93951F8EE4C000BD9C2E /* Sources */,
				53DE93961F8EE4C000BD9C2E /* Frameworks */,
				53DE93971F8EE4C000BD9C2E /* Resources */,
				8A689BA660C89FB71DAAFD25 /* [CP] Embed Pods Frameworks */,
				17A4B0873968AA7100B82D84 /* [CP] Copy Pods Resources */,
				53487FAF1F946FD500071B4E /* Embed App Extensions */,
			);
			buildRules = (
			);
			dependencies = (
				53487FAA1F946FD500071B4E /* PBXTargetDependency */,
			);
			name = Lendr;
			productName = Lendr;
			productReference = 53DE93991F8EE4C000BD9C2E /* Lendr.app */;
			productType = "com.apple.product-type.application";
		};
		53DE93AE1F8EE4C100BD9C2E /* LendrTests */ = {
			isa = PBXNativeTarget;
			buildConfigurationList = 53DE93C61F8EE4C100BD9C2E /* Build configuration list for PBXNativeTarget "LendrTests" */;
			buildPhases = (
				0D3F9267DEC451D81BF39E16 /* [CP] Check Pods Manifest.lock */,
				53DE93AB1F8EE4C100BD9C2E /* Sources */,
				53DE93AC1F8EE4C100BD9C2E /* Frameworks */,
				53DE93AD1F8EE4C100BD9C2E /* Resources */,
				ECF453898F38DC4780605906 /* [CP] Embed Pods Frameworks */,
				238C94D1B6B3B4728D06EDA5 /* [CP] Copy Pods Resources */,
			);
			buildRules = (
			);
			dependencies = (
				53DE93B11F8EE4C100BD9C2E /* PBXTargetDependency */,
			);
			name = LendrTests;
			productName = LendrTests;
			productReference = 53DE93AF1F8EE4C100BD9C2E /* LendrTests.xctest */;
			productType = "com.apple.product-type.bundle.unit-test";
		};
		53DE93B91F8EE4C100BD9C2E /* LendrUITests */ = {
			isa = PBXNativeTarget;
			buildConfigurationList = 53DE93C91F8EE4C100BD9C2E /* Build configuration list for PBXNativeTarget "LendrUITests" */;
			buildPhases = (
				FB833189D16CB15092C6EA96 /* [CP] Check Pods Manifest.lock */,
				53DE93B61F8EE4C100BD9C2E /* Sources */,
				53DE93B71F8EE4C100BD9C2E /* Frameworks */,
				53DE93B81F8EE4C100BD9C2E /* Resources */,
				13A5FDD1967A277D29350A23 /* [CP] Embed Pods Frameworks */,
				A3FD396B42F901650AE2DA79 /* [CP] Copy Pods Resources */,
			);
			buildRules = (
			);
			dependencies = (
				53DE93BC1F8EE4C100BD9C2E /* PBXTargetDependency */,
			);
			name = LendrUITests;
			productName = LendrUITests;
			productReference = 53DE93BA1F8EE4C100BD9C2E /* LendrUITests.xctest */;
			productType = "com.apple.product-type.bundle.ui-testing";
		};
/* End PBXNativeTarget section */

/* Begin PBXProject section */
		53DE93911F8EE4C000BD9C2E /* Project object */ = {
			isa = PBXProject;
			attributes = {
				LastSwiftUpdateCheck = 0900;
				LastUpgradeCheck = 0900;
				ORGANIZATIONNAME = Axis;
				TargetAttributes = {
					53487F9E1F946FD500071B4E = {
						CreatedOnToolsVersion = 9.0;
						ProvisioningStyle = Automatic;
					};
					53DE93981F8EE4C000BD9C2E = {
						CreatedOnToolsVersion = 9.0;
						ProvisioningStyle = Automatic;
					};
					53DE93AE1F8EE4C100BD9C2E = {
						CreatedOnToolsVersion = 9.0;
						ProvisioningStyle = Automatic;
						TestTargetID = 53DE93981F8EE4C000BD9C2E;
					};
					53DE93B91F8EE4C100BD9C2E = {
						CreatedOnToolsVersion = 9.0;
						ProvisioningStyle = Automatic;
						TestTargetID = 53DE93981F8EE4C000BD9C2E;
					};
				};
			};
			buildConfigurationList = 53DE93941F8EE4C000BD9C2E /* Build configuration list for PBXProject "Lendr" */;
			compatibilityVersion = "Xcode 8.0";
			developmentRegion = en;
			hasScannedForEncodings = 0;
			knownRegions = (
				en,
				Base,
			);
			mainGroup = 53DE93901F8EE4C000BD9C2E;
			productRefGroup = 53DE939A1F8EE4C000BD9C2E /* Products */;
			projectDirPath = "";
			projectRoot = "";
			targets = (
				53DE93981F8EE4C000BD9C2E /* Lendr */,
				53DE93AE1F8EE4C100BD9C2E /* LendrTests */,
				53DE93B91F8EE4C100BD9C2E /* LendrUITests */,
				53487F9E1F946FD500071B4E /* Widget */,
			);
		};
/* End PBXProject section */

/* Begin PBXResourcesBuildPhase section */
		53487F9D1F946FD500071B4E /* Resources */ = {
			isa = PBXResourcesBuildPhase;
			buildActionMask = 2147483647;
			files = (
				53487FA71F946FD500071B4E /* MainInterface.storyboard in Resources */,
			);
			runOnlyForDeploymentPostprocessing = 0;
		};
		53DE93971F8EE4C000BD9C2E /* Resources */ = {
			isa = PBXResourcesBuildPhase;
			buildActionMask = 2147483647;
			files = (
				53DE93A91F8EE4C100BD9C2E /* LaunchScreen.storyboard in Resources */,
				53DE93A61F8EE4C100BD9C2E /* Assets.xcassets in Resources */,
				53DE93A41F8EE4C100BD9C2E /* Main.storyboard in Resources */,
			);
			runOnlyForDeploymentPostprocessing = 0;
		};
		53DE93AD1F8EE4C100BD9C2E /* Resources */ = {
			isa = PBXResourcesBuildPhase;
			buildActionMask = 2147483647;
			files = (
			);
			runOnlyForDeploymentPostprocessing = 0;
		};
		53DE93B81F8EE4C100BD9C2E /* Resources */ = {
			isa = PBXResourcesBuildPhase;
			buildActionMask = 2147483647;
			files = (
			);
			runOnlyForDeploymentPostprocessing = 0;
		};
/* End PBXResourcesBuildPhase section */

/* Begin PBXShellScriptBuildPhase section */
		0D3F9267DEC451D81BF39E16 /* [CP] Check Pods Manifest.lock */ = {
			isa = PBXShellScriptBuildPhase;
			buildActionMask = 2147483647;
			files = (
			);
			inputPaths = (
				"${PODS_PODFILE_DIR_PATH}/Podfile.lock",
				"${PODS_ROOT}/Manifest.lock",
			);
			name = "[CP] Check Pods Manifest.lock";
			outputPaths = (
				"$(DERIVED_FILE_DIR)/Pods-LendrTests-checkManifestLockResult.txt",
			);
			runOnlyForDeploymentPostprocessing = 0;
			shellPath = /bin/sh;
			shellScript = "diff \"${PODS_PODFILE_DIR_PATH}/Podfile.lock\" \"${PODS_ROOT}/Manifest.lock\" > /dev/null\nif [ $? != 0 ] ; then\n    # print error to STDERR\n    echo \"error: The sandbox is not in sync with the Podfile.lock. Run 'pod install' or update your CocoaPods installation.\" >&2\n    exit 1\nfi\n# This output is used by Xcode 'outputs' to avoid re-running this script phase.\necho \"SUCCESS\" > \"${SCRIPT_OUTPUT_FILE_0}\"\n";
			showEnvVarsInLog = 0;
		};
		13A5FDD1967A277D29350A23 /* [CP] Embed Pods Frameworks */ = {
			isa = PBXShellScriptBuildPhase;
			buildActionMask = 2147483647;
			files = (
			);
			inputPaths = (
			);
			name = "[CP] Embed Pods Frameworks";
			outputPaths = (
			);
			runOnlyForDeploymentPostprocessing = 0;
			shellPath = /bin/sh;
			shellScript = "\"${SRCROOT}/Pods/Target Support Files/Pods-LendrUITests/Pods-LendrUITests-frameworks.sh\"\n";
			showEnvVarsInLog = 0;
		};
		17A4B0873968AA7100B82D84 /* [CP] Copy Pods Resources */ = {
			isa = PBXShellScriptBuildPhase;
			buildActionMask = 2147483647;
			files = (
			);
			inputPaths = (
			);
			name = "[CP] Copy Pods Resources";
			outputPaths = (
			);
			runOnlyForDeploymentPostprocessing = 0;
			shellPath = /bin/sh;
			shellScript = "\"${SRCROOT}/Pods/Target Support Files/Pods-Lendr/Pods-Lendr-resources.sh\"\n";
			showEnvVarsInLog = 0;
		};
		238C94D1B6B3B4728D06EDA5 /* [CP] Copy Pods Resources */ = {
			isa = PBXShellScriptBuildPhase;
			buildActionMask = 2147483647;
			files = (
			);
			inputPaths = (
			);
			name = "[CP] Copy Pods Resources";
			outputPaths = (
			);
			runOnlyForDeploymentPostprocessing = 0;
			shellPath = /bin/sh;
			shellScript = "\"${SRCROOT}/Pods/Target Support Files/Pods-LendrTests/Pods-LendrTests-resources.sh\"\n";
			showEnvVarsInLog = 0;
		};
		4B8D41701CA04F31BAB428F6 /* [CP] Check Pods Manifest.lock */ = {
			isa = PBXShellScriptBuildPhase;
			buildActionMask = 2147483647;
			files = (
			);
			inputPaths = (
				"${PODS_PODFILE_DIR_PATH}/Podfile.lock",
				"${PODS_ROOT}/Manifest.lock",
			);
			name = "[CP] Check Pods Manifest.lock";
			outputPaths = (
				"$(DERIVED_FILE_DIR)/Pods-Lendr-checkManifestLockResult.txt",
			);
			runOnlyForDeploymentPostprocessing = 0;
			shellPath = /bin/sh;
			shellScript = "diff \"${PODS_PODFILE_DIR_PATH}/Podfile.lock\" \"${PODS_ROOT}/Manifest.lock\" > /dev/null\nif [ $? != 0 ] ; then\n    # print error to STDERR\n    echo \"error: The sandbox is not in sync with the Podfile.lock. Run 'pod install' or update your CocoaPods installation.\" >&2\n    exit 1\nfi\n# This output is used by Xcode 'outputs' to avoid re-running this script phase.\necho \"SUCCESS\" > \"${SCRIPT_OUTPUT_FILE_0}\"\n";
			showEnvVarsInLog = 0;
		};
		8A689BA660C89FB71DAAFD25 /* [CP] Embed Pods Frameworks */ = {
			isa = PBXShellScriptBuildPhase;
			buildActionMask = 2147483647;
			files = (
			);
			inputPaths = (
				"${SRCROOT}/Pods/Target Support Files/Pods-Lendr/Pods-Lendr-frameworks.sh",
				"${BUILT_PRODUCTS_DIR}/IQKeyboardManager/IQKeyboardManager.framework",
				"${BUILT_PRODUCTS_DIR}/LKAlertController/LKAlertController.framework",
				"${BUILT_PRODUCTS_DIR}/Realm/Realm.framework",
				"${BUILT_PRODUCTS_DIR}/RealmSwift/RealmSwift.framework",
				"${BUILT_PRODUCTS_DIR}/SearchTextField/SearchTextField.framework",
			);
			name = "[CP] Embed Pods Frameworks";
			outputPaths = (
				"${TARGET_BUILD_DIR}/${FRAMEWORKS_FOLDER_PATH}/IQKeyboardManager.framework",
				"${TARGET_BUILD_DIR}/${FRAMEWORKS_FOLDER_PATH}/LKAlertController.framework",
				"${TARGET_BUILD_DIR}/${FRAMEWORKS_FOLDER_PATH}/Realm.framework",
				"${TARGET_BUILD_DIR}/${FRAMEWORKS_FOLDER_PATH}/RealmSwift.framework",
				"${TARGET_BUILD_DIR}/${FRAMEWORKS_FOLDER_PATH}/SearchTextField.framework",
			);
			runOnlyForDeploymentPostprocessing = 0;
			shellPath = /bin/sh;
			shellScript = "\"${SRCROOT}/Pods/Target Support Files/Pods-Lendr/Pods-Lendr-frameworks.sh\"\n";
			showEnvVarsInLog = 0;
		};
		A3FD396B42F901650AE2DA79 /* [CP] Copy Pods Resources */ = {
			isa = PBXShellScriptBuildPhase;
			buildActionMask = 2147483647;
			files = (
			);
			inputPaths = (
			);
			name = "[CP] Copy Pods Resources";
			outputPaths = (
			);
			runOnlyForDeploymentPostprocessing = 0;
			shellPath = /bin/sh;
			shellScript = "\"${SRCROOT}/Pods/Target Support Files/Pods-LendrUITests/Pods-LendrUITests-resources.sh\"\n";
			showEnvVarsInLog = 0;
		};
		ECF453898F38DC4780605906 /* [CP] Embed Pods Frameworks */ = {
			isa = PBXShellScriptBuildPhase;
			buildActionMask = 2147483647;
			files = (
			);
			inputPaths = (
			);
			name = "[CP] Embed Pods Frameworks";
			outputPaths = (
			);
			runOnlyForDeploymentPostprocessing = 0;
			shellPath = /bin/sh;
			shellScript = "\"${SRCROOT}/Pods/Target Support Files/Pods-LendrTests/Pods-LendrTests-frameworks.sh\"\n";
			showEnvVarsInLog = 0;
		};
		FB833189D16CB15092C6EA96 /* [CP] Check Pods Manifest.lock */ = {
			isa = PBXShellScriptBuildPhase;
			buildActionMask = 2147483647;
			files = (
			);
			inputPaths = (
				"${PODS_PODFILE_DIR_PATH}/Podfile.lock",
				"${PODS_ROOT}/Manifest.lock",
			);
			name = "[CP] Check Pods Manifest.lock";
			outputPaths = (
				"$(DERIVED_FILE_DIR)/Pods-LendrUITests-checkManifestLockResult.txt",
			);
			runOnlyForDeploymentPostprocessing = 0;
			shellPath = /bin/sh;
			shellScript = "diff \"${PODS_PODFILE_DIR_PATH}/Podfile.lock\" \"${PODS_ROOT}/Manifest.lock\" > /dev/null\nif [ $? != 0 ] ; then\n    # print error to STDERR\n    echo \"error: The sandbox is not in sync with the Podfile.lock. Run 'pod install' or update your CocoaPods installation.\" >&2\n    exit 1\nfi\n# This output is used by Xcode 'outputs' to avoid re-running this script phase.\necho \"SUCCESS\" > \"${SCRIPT_OUTPUT_FILE_0}\"\n";
			showEnvVarsInLog = 0;
		};
/* End PBXShellScriptBuildPhase section */

/* Begin PBXSourcesBuildPhase section */
		53487F9B1F946FD500071B4E /* Sources */ = {
			isa = PBXSourcesBuildPhase;
			buildActionMask = 2147483647;
			files = (
				53487FA41F946FD500071B4E /* TodayViewController.swift in Sources */,
			);
			runOnlyForDeploymentPostprocessing = 0;
		};
		53DE93951F8EE4C000BD9C2E /* Sources */ = {
			isa = PBXSourcesBuildPhase;
			buildActionMask = 2147483647;
			files = (
				53487F9A1F94437A00071B4E /* Notifications.swift in Sources */,
				533175981F92BE6C003A937C /* UserContacts.swift in Sources */,
				53DE939D1F8EE4C000BD9C2E /* AppDelegate.swift in Sources */,
				53344E251F919BB40084C5E4 /* AddLoanFormVC.swift in Sources */,
				5306E1831F908359007B27FD /* LoansTableVC.swift in Sources */,
				534E89B61F8EF77900285A1C /* Loan.swift in Sources */,
				5307935B1F8EE9B00056CFBA /* LoanCell.swift in Sources */,
				539160181F92BD3D00B51EBC /* ModifyLoanFormVC.swift in Sources */,
			);
			runOnlyForDeploymentPostprocessing = 0;
		};
		53DE93AB1F8EE4C100BD9C2E /* Sources */ = {
			isa = PBXSourcesBuildPhase;
			buildActionMask = 2147483647;
			files = (
				53DE93B41F8EE4C100BD9C2E /* LendrTests.swift in Sources */,
			);
			runOnlyForDeploymentPostprocessing = 0;
		};
		53DE93B61F8EE4C100BD9C2E /* Sources */ = {
			isa = PBXSourcesBuildPhase;
			buildActionMask = 2147483647;
			files = (
				53DE93BF1F8EE4C100BD9C2E /* LendrUITests.swift in Sources */,
			);
			runOnlyForDeploymentPostprocessing = 0;
		};
/* End PBXSourcesBuildPhase section */

/* Begin PBXTargetDependency section */
		53487FAA1F946FD500071B4E /* PBXTargetDependency */ = {
			isa = PBXTargetDependency;
			target = 53487F9E1F946FD500071B4E /* Widget */;
			targetProxy = 53487FA91F946FD500071B4E /* PBXContainerItemProxy */;
		};
		53DE93B11F8EE4C100BD9C2E /* PBXTargetDependency */ = {
			isa = PBXTargetDependency;
			target = 53DE93981F8EE4C000BD9C2E /* Lendr */;
			targetProxy = 53DE93B01F8EE4C100BD9C2E /* PBXContainerItemProxy */;
		};
		53DE93BC1F8EE4C100BD9C2E /* PBXTargetDependency */ = {
			isa = PBXTargetDependency;
			target = 53DE93981F8EE4C000BD9C2E /* Lendr */;
			targetProxy = 53DE93BB1F8EE4C100BD9C2E /* PBXContainerItemProxy */;
		};
/* End PBXTargetDependency section */

/* Begin PBXVariantGroup section */
		53487FA51F946FD500071B4E /* MainInterface.storyboard */ = {
			isa = PBXVariantGroup;
			children = (
				53487FA61F946FD500071B4E /* Base */,
			);
			name = MainInterface.storyboard;
			sourceTree = "<group>";
		};
		53DE93A21F8EE4C100BD9C2E /* Main.storyboard */ = {
			isa = PBXVariantGroup;
			children = (
				53DE93A31F8EE4C100BD9C2E /* Base */,
			);
			name = Main.storyboard;
			sourceTree = "<group>";
		};
		53DE93A71F8EE4C100BD9C2E /* LaunchScreen.storyboard */ = {
			isa = PBXVariantGroup;
			children = (
				53DE93A81F8EE4C100BD9C2E /* Base */,
			);
			name = LaunchScreen.storyboard;
			sourceTree = "<group>";
		};
/* End PBXVariantGroup section */

/* Begin XCBuildConfiguration section */
		53487FAD1F946FD500071B4E /* Debug */ = {
			isa = XCBuildConfiguration;
			buildSettings = {
				CODE_SIGN_STYLE = Automatic;
				DEVELOPMENT_TEAM = PJX39ST98L;
				INFOPLIST_FILE = Widget/Info.plist;
				LD_RUNPATH_SEARCH_PATHS = "$(inherited) @executable_path/Frameworks @executable_path/../../Frameworks";
				PRODUCT_BUNDLE_IDENTIFIER = axis.Lendr.Widget;
				PRODUCT_NAME = "$(TARGET_NAME)";
				SKIP_INSTALL = YES;
				SWIFT_VERSION = 4.0;
				TARGETED_DEVICE_FAMILY = "1,2";
			};
			name = Debug;
		};
		53487FAE1F946FD500071B4E /* Release */ = {
			isa = XCBuildConfiguration;
			buildSettings = {
				CODE_SIGN_STYLE = Automatic;
				DEVELOPMENT_TEAM = PJX39ST98L;
				INFOPLIST_FILE = Widget/Info.plist;
				LD_RUNPATH_SEARCH_PATHS = "$(inherited) @executable_path/Frameworks @executable_path/../../Frameworks";
				PRODUCT_BUNDLE_IDENTIFIER = axis.Lendr.Widget;
				PRODUCT_NAME = "$(TARGET_NAME)";
				SKIP_INSTALL = YES;
				SWIFT_VERSION = 4.0;
				TARGETED_DEVICE_FAMILY = "1,2";
			};
			name = Release;
		};
		53DE93C11F8EE4C100BD9C2E /* Debug */ = {
			isa = XCBuildConfiguration;
			buildSettings = {
				ALWAYS_SEARCH_USER_PATHS = NO;
				CLANG_ANALYZER_NONNULL = YES;
				CLANG_ANALYZER_NUMBER_OBJECT_CONVERSION = YES_AGGRESSIVE;
				CLANG_CXX_LANGUAGE_STANDARD = "gnu++14";
				CLANG_CXX_LIBRARY = "libc++";
				CLANG_ENABLE_MODULES = YES;
				CLANG_ENABLE_OBJC_ARC = YES;
				CLANG_WARN_BLOCK_CAPTURE_AUTORELEASING = YES;
				CLANG_WARN_BOOL_CONVERSION = YES;
				CLANG_WARN_COMMA = YES;
				CLANG_WARN_CONSTANT_CONVERSION = YES;
				CLANG_WARN_DIRECT_OBJC_ISA_USAGE = YES_ERROR;
				CLANG_WARN_DOCUMENTATION_COMMENTS = YES;
				CLANG_WARN_EMPTY_BODY = YES;
				CLANG_WARN_ENUM_CONVERSION = YES;
				CLANG_WARN_INFINITE_RECURSION = YES;
				CLANG_WARN_INT_CONVERSION = YES;
				CLANG_WARN_NON_LITERAL_NULL_CONVERSION = YES;
				CLANG_WARN_OBJC_LITERAL_CONVERSION = YES;
				CLANG_WARN_OBJC_ROOT_CLASS = YES_ERROR;
				CLANG_WARN_RANGE_LOOP_ANALYSIS = YES;
				CLANG_WARN_STRICT_PROTOTYPES = YES;
				CLANG_WARN_SUSPICIOUS_MOVE = YES;
				CLANG_WARN_UNGUARDED_AVAILABILITY = YES_AGGRESSIVE;
				CLANG_WARN_UNREACHABLE_CODE = YES;
				CLANG_WARN__DUPLICATE_METHOD_MATCH = YES;
				CODE_SIGN_IDENTITY = "iPhone Developer";
				COPY_PHASE_STRIP = NO;
				DEBUG_INFORMATION_FORMAT = dwarf;
				ENABLE_STRICT_OBJC_MSGSEND = YES;
				ENABLE_TESTABILITY = YES;
				GCC_C_LANGUAGE_STANDARD = gnu11;
				GCC_DYNAMIC_NO_PIC = NO;
				GCC_NO_COMMON_BLOCKS = YES;
				GCC_OPTIMIZATION_LEVEL = 0;
				GCC_PREPROCESSOR_DEFINITIONS = (
					"DEBUG=1",
					"$(inherited)",
				);
				GCC_WARN_64_TO_32_BIT_CONVERSION = YES;
				GCC_WARN_ABOUT_RETURN_TYPE = YES_ERROR;
				GCC_WARN_UNDECLARED_SELECTOR = YES;
				GCC_WARN_UNINITIALIZED_AUTOS = YES_AGGRESSIVE;
				GCC_WARN_UNUSED_FUNCTION = YES;
				GCC_WARN_UNUSED_VARIABLE = YES;
				IPHONEOS_DEPLOYMENT_TARGET = 11.0;
				MTL_ENABLE_DEBUG_INFO = YES;
				ONLY_ACTIVE_ARCH = YES;
				SDKROOT = iphoneos;
				SWIFT_ACTIVE_COMPILATION_CONDITIONS = DEBUG;
				SWIFT_OPTIMIZATION_LEVEL = "-Onone";
			};
			name = Debug;
		};
		53DE93C21F8EE4C100BD9C2E /* Release */ = {
			isa = XCBuildConfiguration;
			buildSettings = {
				ALWAYS_SEARCH_USER_PATHS = NO;
				CLANG_ANALYZER_NONNULL = YES;
				CLANG_ANALYZER_NUMBER_OBJECT_CONVERSION = YES_AGGRESSIVE;
				CLANG_CXX_LANGUAGE_STANDARD = "gnu++14";
				CLANG_CXX_LIBRARY = "libc++";
				CLANG_ENABLE_MODULES = YES;
				CLANG_ENABLE_OBJC_ARC = YES;
				CLANG_WARN_BLOCK_CAPTURE_AUTORELEASING = YES;
				CLANG_WARN_BOOL_CONVERSION = YES;
				CLANG_WARN_COMMA = YES;
				CLANG_WARN_CONSTANT_CONVERSION = YES;
				CLANG_WARN_DIRECT_OBJC_ISA_USAGE = YES_ERROR;
				CLANG_WARN_DOCUMENTATION_COMMENTS = YES;
				CLANG_WARN_EMPTY_BODY = YES;
				CLANG_WARN_ENUM_CONVERSION = YES;
				CLANG_WARN_INFINITE_RECURSION = YES;
				CLANG_WARN_INT_CONVERSION = YES;
				CLANG_WARN_NON_LITERAL_NULL_CONVERSION = YES;
				CLANG_WARN_OBJC_LITERAL_CONVERSION = YES;
				CLANG_WARN_OBJC_ROOT_CLASS = YES_ERROR;
				CLANG_WARN_RANGE_LOOP_ANALYSIS = YES;
				CLANG_WARN_STRICT_PROTOTYPES = YES;
				CLANG_WARN_SUSPICIOUS_MOVE = YES;
				CLANG_WARN_UNGUARDED_AVAILABILITY = YES_AGGRESSIVE;
				CLANG_WARN_UNREACHABLE_CODE = YES;
				CLANG_WARN__DUPLICATE_METHOD_MATCH = YES;
				CODE_SIGN_IDENTITY = "iPhone Developer";
				COPY_PHASE_STRIP = NO;
				DEBUG_INFORMATION_FORMAT = "dwarf-with-dsym";
				ENABLE_NS_ASSERTIONS = NO;
				ENABLE_STRICT_OBJC_MSGSEND = YES;
				GCC_C_LANGUAGE_STANDARD = gnu11;
				GCC_NO_COMMON_BLOCKS = YES;
				GCC_WARN_64_TO_32_BIT_CONVERSION = YES;
				GCC_WARN_ABOUT_RETURN_TYPE = YES_ERROR;
				GCC_WARN_UNDECLARED_SELECTOR = YES;
				GCC_WARN_UNINITIALIZED_AUTOS = YES_AGGRESSIVE;
				GCC_WARN_UNUSED_FUNCTION = YES;
				GCC_WARN_UNUSED_VARIABLE = YES;
				IPHONEOS_DEPLOYMENT_TARGET = 11.0;
				MTL_ENABLE_DEBUG_INFO = NO;
				SDKROOT = iphoneos;
				SWIFT_OPTIMIZATION_LEVEL = "-Owholemodule";
				VALIDATE_PRODUCT = YES;
			};
			name = Release;
		};
		53DE93C41F8EE4C100BD9C2E /* Debug */ = {
			isa = XCBuildConfiguration;
			baseConfigurationReference = 892117F905E4F7E30C3B0638 /* Pods-Lendr.debug.xcconfig */;
			buildSettings = {
				ALWAYS_EMBED_SWIFT_STANDARD_LIBRARIES = YES;
				ASSETCATALOG_COMPILER_APPICON_NAME = AppIcon;
				CODE_SIGN_STYLE = Automatic;
				DEVELOPMENT_TEAM = PJX39ST98L;
				INFOPLIST_FILE = Lendr/Info.plist;
				LD_RUNPATH_SEARCH_PATHS = "$(inherited) @executable_path/Frameworks";
				PRODUCT_BUNDLE_IDENTIFIER = axis.Lendr;
				PRODUCT_NAME = "$(TARGET_NAME)";
				SWIFT_VERSION = 4.0;
				TARGETED_DEVICE_FAMILY = 1;
			};
			name = Debug;
		};
		53DE93C51F8EE4C100BD9C2E /* Release */ = {
			isa = XCBuildConfiguration;
			baseConfigurationReference = DC798517D7F197226E3CF5F9 /* Pods-Lendr.release.xcconfig */;
			buildSettings = {
				ALWAYS_EMBED_SWIFT_STANDARD_LIBRARIES = YES;
				ASSETCATALOG_COMPILER_APPICON_NAME = AppIcon;
				CODE_SIGN_STYLE = Automatic;
				DEVELOPMENT_TEAM = PJX39ST98L;
				INFOPLIST_FILE = Lendr/Info.plist;
				LD_RUNPATH_SEARCH_PATHS = "$(inherited) @executable_path/Frameworks";
				PRODUCT_BUNDLE_IDENTIFIER = axis.Lendr;
				PRODUCT_NAME = "$(TARGET_NAME)";
				SWIFT_VERSION = 4.0;
				TARGETED_DEVICE_FAMILY = 1;
			};
			name = Release;
		};
		53DE93C71F8EE4C100BD9C2E /* Debug */ = {
			isa = XCBuildConfiguration;
			baseConfigurationReference = A55B4861F552F1B50FE75259 /* Pods-LendrTests.debug.xcconfig */;
			buildSettings = {
				ALWAYS_EMBED_SWIFT_STANDARD_LIBRARIES = YES;
				BUNDLE_LOADER = "$(TEST_HOST)";
				CODE_SIGN_STYLE = Automatic;
				DEVELOPMENT_TEAM = PJX39ST98L;
				INFOPLIST_FILE = LendrTests/Info.plist;
				LD_RUNPATH_SEARCH_PATHS = "$(inherited) @executable_path/Frameworks @loader_path/Frameworks";
				PRODUCT_BUNDLE_IDENTIFIER = axis.LendrTests;
				PRODUCT_NAME = "$(TARGET_NAME)";
				SWIFT_VERSION = 4.0;
				TARGETED_DEVICE_FAMILY = "1,2";
				TEST_HOST = "$(BUILT_PRODUCTS_DIR)/Lendr.app/Lendr";
			};
			name = Debug;
		};
		53DE93C81F8EE4C100BD9C2E /* Release */ = {
			isa = XCBuildConfiguration;
			baseConfigurationReference = 79F16D02D09E95C07F3FD4AB /* Pods-LendrTests.release.xcconfig */;
			buildSettings = {
				ALWAYS_EMBED_SWIFT_STANDARD_LIBRARIES = YES;
				BUNDLE_LOADER = "$(TEST_HOST)";
				CODE_SIGN_STYLE = Automatic;
				DEVELOPMENT_TEAM = PJX39ST98L;
				INFOPLIST_FILE = LendrTests/Info.plist;
				LD_RUNPATH_SEARCH_PATHS = "$(inherited) @executable_path/Frameworks @loader_path/Frameworks";
				PRODUCT_BUNDLE_IDENTIFIER = axis.LendrTests;
				PRODUCT_NAME = "$(TARGET_NAME)";
				SWIFT_VERSION = 4.0;
				TARGETED_DEVICE_FAMILY = "1,2";
				TEST_HOST = "$(BUILT_PRODUCTS_DIR)/Lendr.app/Lendr";
			};
			name = Release;
		};
		53DE93CA1F8EE4C100BD9C2E /* Debug */ = {
			isa = XCBuildConfiguration;
			baseConfigurationReference = 7217AB52E5A55EE31D913BA8 /* Pods-LendrUITests.debug.xcconfig */;
			buildSettings = {
				ALWAYS_EMBED_SWIFT_STANDARD_LIBRARIES = YES;
				CODE_SIGN_STYLE = Automatic;
				DEVELOPMENT_TEAM = PJX39ST98L;
				INFOPLIST_FILE = LendrUITests/Info.plist;
				LD_RUNPATH_SEARCH_PATHS = "$(inherited) @executable_path/Frameworks @loader_path/Frameworks";
				PRODUCT_BUNDLE_IDENTIFIER = axis.LendrUITests;
				PRODUCT_NAME = "$(TARGET_NAME)";
				SWIFT_VERSION = 4.0;
				TARGETED_DEVICE_FAMILY = "1,2";
				TEST_TARGET_NAME = Lendr;
			};
			name = Debug;
		};
		53DE93CB1F8EE4C100BD9C2E /* Release */ = {
			isa = XCBuildConfiguration;
			baseConfigurationReference = 073018F9910955BCB567875A /* Pods-LendrUITests.release.xcconfig */;
			buildSettings = {
				ALWAYS_EMBED_SWIFT_STANDARD_LIBRARIES = YES;
				CODE_SIGN_STYLE = Automatic;
				DEVELOPMENT_TEAM = PJX39ST98L;
				INFOPLIST_FILE = LendrUITests/Info.plist;
				LD_RUNPATH_SEARCH_PATHS = "$(inherited) @executable_path/Frameworks @loader_path/Frameworks";
				PRODUCT_BUNDLE_IDENTIFIER = axis.LendrUITests;
				PRODUCT_NAME = "$(TARGET_NAME)";
				SWIFT_VERSION = 4.0;
				TARGETED_DEVICE_FAMILY = "1,2";
				TEST_TARGET_NAME = Lendr;
			};
			name = Release;
		};
/* End XCBuildConfiguration section */

/* Begin XCConfigurationList section */
		53487FAC1F946FD500071B4E /* Build configuration list for PBXNativeTarget "Widget" */ = {
			isa = XCConfigurationList;
			buildConfigurations = (
				53487FAD1F946FD500071B4E /* Debug */,
				53487FAE1F946FD500071B4E /* Release */,
			);
			defaultConfigurationIsVisible = 0;
			defaultConfigurationName = Release;
		};
		53DE93941F8EE4C000BD9C2E /* Build configuration list for PBXProject "Lendr" */ = {
			isa = XCConfigurationList;
			buildConfigurations = (
				53DE93C11F8EE4C100BD9C2E /* Debug */,
				53DE93C21F8EE4C100BD9C2E /* Release */,
			);
			defaultConfigurationIsVisible = 0;
			defaultConfigurationName = Release;
		};
		53DE93C31F8EE4C100BD9C2E /* Build configuration list for PBXNativeTarget "Lendr" */ = {
			isa = XCConfigurationList;
			buildConfigurations = (
				53DE93C41F8EE4C100BD9C2E /* Debug */,
				53DE93C51F8EE4C100BD9C2E /* Release */,
			);
			defaultConfigurationIsVisible = 0;
			defaultConfigurationName = Release;
		};
		53DE93C61F8EE4C100BD9C2E /* Build configuration list for PBXNativeTarget "LendrTests" */ = {
			isa = XCConfigurationList;
			buildConfigurations = (
				53DE93C71F8EE4C100BD9C2E /* Debug */,
				53DE93C81F8EE4C100BD9C2E /* Release */,
			);
			defaultConfigurationIsVisible = 0;
			defaultConfigurationName = Release;
		};
		53DE93C91F8EE4C100BD9C2E /* Build configuration list for PBXNativeTarget "LendrUITests" */ = {
			isa = XCConfigurationList;
			buildConfigurations = (
				53DE93CA1F8EE4C100BD9C2E /* Debug */,
				53DE93CB1F8EE4C100BD9C2E /* Release */,
			);
			defaultConfigurationIsVisible = 0;
			defaultConfigurationName = Release;
		};
/* End XCConfigurationList section */
	};
	rootObject = 53DE93911F8EE4C000BD9C2E /* Project object */;
}
